// !$*UTF8*$!
{
	archiveVersion = 1;
	classes = {
	};
	objectVersion = 46;
	objects = {

/* Begin PBXBuildFile section */
		34402D761C6FF3980019F94C /* Command.swift in Sources */ = {isa = PBXBuildFile; fileRef = 34402D711C6FF3980019F94C /* Command.swift */; };
		34402D781C6FF3980019F94C /* Git.swift in Sources */ = {isa = PBXBuildFile; fileRef = 34402D731C6FF3980019F94C /* Git.swift */; };
		34402D791C6FF3980019F94C /* Shell.swift in Sources */ = {isa = PBXBuildFile; fileRef = 34402D741C6FF3980019F94C /* Shell.swift */; };
		34402D7D1C6FF4130019F94C /* main.swift in Sources */ = {isa = PBXBuildFile; fileRef = 34402D7C1C6FF4130019F94C /* main.swift */; };
		34402D821C6FF55B0019F94C /* README.md in Sources */ = {isa = PBXBuildFile; fileRef = 34402D811C6FF55B0019F94C /* README.md */; };
		34958EC81C7489F400BD1AA1 /* Package.swift in Sources */ = {isa = PBXBuildFile; fileRef = 34958EC11C7489F400BD1AA1 /* Package.swift */; };
		34958EC91C7489F400BD1AA1 /* README.md in Sources */ = {isa = PBXBuildFile; fileRef = 34958EC51C7489F400BD1AA1 /* README.md */; };
		34958ECA1C7489F400BD1AA1 /* Printr.swift in Sources */ = {isa = PBXBuildFile; fileRef = 34958EC71C7489F400BD1AA1 /* Printr.swift */; };
/* End PBXBuildFile section */

/* Begin PBXCopyFilesBuildPhase section */
		34402D641C6FF38D0019F94C /* CopyFiles */ = {
			isa = PBXCopyFilesBuildPhase;
			buildActionMask = 2147483647;
			dstPath = /usr/share/man/man1/;
			dstSubfolderSpec = 0;
			files = (
			);
			runOnlyForDeploymentPostprocessing = 1;
		};
/* End PBXCopyFilesBuildPhase section */

/* Begin PBXFileReference section */
		34402D661C6FF38D0019F94C /* vapor */ = {isa = PBXFileReference; explicitFileType = "compiled.mach-o.executable"; includeInIndex = 0; path = vapor; sourceTree = BUILT_PRODUCTS_DIR; };
		34402D711C6FF3980019F94C /* Command.swift */ = {isa = PBXFileReference; fileEncoding = 4; lastKnownFileType = sourcecode.swift; path = Command.swift; sourceTree = "<group>"; };
		34402D731C6FF3980019F94C /* Git.swift */ = {isa = PBXFileReference; fileEncoding = 4; lastKnownFileType = sourcecode.swift; path = Git.swift; sourceTree = "<group>"; };
		34402D741C6FF3980019F94C /* Shell.swift */ = {isa = PBXFileReference; fileEncoding = 4; lastKnownFileType = sourcecode.swift; path = Shell.swift; sourceTree = "<group>"; };
		34402D7C1C6FF4130019F94C /* main.swift */ = {isa = PBXFileReference; fileEncoding = 4; lastKnownFileType = sourcecode.swift; path = main.swift; sourceTree = "<group>"; };
		34402D811C6FF55B0019F94C /* README.md */ = {isa = PBXFileReference; fileEncoding = 4; lastKnownFileType = net.daringfireball.markdown; path = README.md; sourceTree = "<group>"; };
		34402D831C6FF5E40019F94C /* LICENSE */ = {isa = PBXFileReference; fileEncoding = 4; lastKnownFileType = text; path = LICENSE; sourceTree = "<group>"; };
		34402D841C7052DC0019F94C /* Dockerfile */ = {isa = PBXFileReference; lastKnownFileType = text; path = Dockerfile; sourceTree = "<group>"; };
		34958EBF1C7489F400BD1AA1 /* .gitignore */ = {isa = PBXFileReference; fileEncoding = 4; lastKnownFileType = text; path = .gitignore; sourceTree = "<group>"; };
		34958EC01C7489F400BD1AA1 /* LICENSE */ = {isa = PBXFileReference; fileEncoding = 4; lastKnownFileType = text; path = LICENSE; sourceTree = "<group>"; };
		34958EC11C7489F400BD1AA1 /* Package.swift */ = {isa = PBXFileReference; fileEncoding = 4; lastKnownFileType = sourcecode.swift; path = Package.swift; sourceTree = "<group>"; };
		34958EC21C7489F400BD1AA1 /* Printr.xcodeproj */ = {isa = PBXFileReference; lastKnownFileType = "wrapper.pb-project"; path = Printr.xcodeproj; sourceTree = "<group>"; };
		34958EC51C7489F400BD1AA1 /* README.md */ = {isa = PBXFileReference; fileEncoding = 4; lastKnownFileType = net.daringfireball.markdown; path = README.md; sourceTree = "<group>"; };
		34958EC71C7489F400BD1AA1 /* Printr.swift */ = {isa = PBXFileReference; fileEncoding = 4; lastKnownFileType = sourcecode.swift; path = Printr.swift; sourceTree = "<group>"; };
/* End PBXFileReference section */

/* Begin PBXFrameworksBuildPhase section */
		34402D631C6FF38D0019F94C /* Frameworks */ = {
			isa = PBXFrameworksBuildPhase;
			buildActionMask = 2147483647;
			files = (
			);
			runOnlyForDeploymentPostprocessing = 0;
		};
/* End PBXFrameworksBuildPhase section */

/* Begin PBXGroup section */
		34402D5D1C6FF38D0019F94C = {
			isa = PBXGroup;
			children = (
				34958EBD1C7489F400BD1AA1 /* Packages */,
				34402D841C7052DC0019F94C /* Dockerfile */,
				34402D831C6FF5E40019F94C /* LICENSE */,
				34402D811C6FF55B0019F94C /* README.md */,
				34402D681C6FF38D0019F94C /* Sources */,
				34402D671C6FF38D0019F94C /* Products */,
			);
			sourceTree = "<group>";
		};
		34402D671C6FF38D0019F94C /* Products */ = {
			isa = PBXGroup;
			children = (
				34402D661C6FF38D0019F94C /* vapor */,
			);
			name = Products;
			sourceTree = "<group>";
		};
		34402D681C6FF38D0019F94C /* Sources */ = {
			isa = PBXGroup;
			children = (
				34402D7C1C6FF4130019F94C /* main.swift */,
				34402D711C6FF3980019F94C /* Command.swift */,
				34402D731C6FF3980019F94C /* Git.swift */,
				34402D741C6FF3980019F94C /* Shell.swift */,
			);
			path = Sources;
			sourceTree = "<group>";
		};
		34958EBD1C7489F400BD1AA1 /* Packages */ = {
			isa = PBXGroup;
			children = (
				34958EBE1C7489F400BD1AA1 /* printr-0.1.0 */,
			);
			path = Packages;
			sourceTree = "<group>";
		};
		34958EBE1C7489F400BD1AA1 /* printr-0.1.0 */ = {
			isa = PBXGroup;
			children = (
				34958EBF1C7489F400BD1AA1 /* .gitignore */,
				34958EC01C7489F400BD1AA1 /* LICENSE */,
				34958EC11C7489F400BD1AA1 /* Package.swift */,
				34958EC21C7489F400BD1AA1 /* Printr.xcodeproj */,
				34958EC51C7489F400BD1AA1 /* README.md */,
				34958EC61C7489F400BD1AA1 /* Sources */,
			);
			path = "printr-0.1.0";
			sourceTree = "<group>";
		};
		34958EC31C7489F400BD1AA1 /* Products */ = {
			isa = PBXGroup;
			children = (
			);
			name = Products;
			sourceTree = "<group>";
		};
		34958EC61C7489F400BD1AA1 /* Sources */ = {
			isa = PBXGroup;
			children = (
				34958EC71C7489F400BD1AA1 /* Printr.swift */,
			);
			path = Sources;
			sourceTree = "<group>";
		};
/* End PBXGroup section */

/* Begin PBXNativeTarget section */
		34402D651C6FF38D0019F94C /* vapor */ = {
			isa = PBXNativeTarget;
			buildConfigurationList = 34402D6D1C6FF38D0019F94C /* Build configuration list for PBXNativeTarget "vapor" */;
			buildPhases = (
				34402D621C6FF38D0019F94C /* Sources */,
				34402D631C6FF38D0019F94C /* Frameworks */,
				34402D641C6FF38D0019F94C /* CopyFiles */,
			);
			buildRules = (
			);
			dependencies = (
			);
			name = vapor;
			productName = vapor;
			productReference = 34402D661C6FF38D0019F94C /* vapor */;
			productType = "com.apple.product-type.tool";
		};
/* End PBXNativeTarget section */

/* Begin PBXProject section */
		34402D5E1C6FF38D0019F94C /* Project object */ = {
			isa = PBXProject;
			attributes = {
				LastSwiftUpdateCheck = 0730;
				LastUpgradeCheck = 0730;
				ORGANIZATIONNAME = "Matthew Clarkson";
				TargetAttributes = {
					34402D651C6FF38D0019F94C = {
						CreatedOnToolsVersion = 7.3;
					};
				};
			};
			buildConfigurationList = 34402D611C6FF38D0019F94C /* Build configuration list for PBXProject "vapor" */;
			compatibilityVersion = "Xcode 3.2";
			developmentRegion = English;
			hasScannedForEncodings = 0;
			knownRegions = (
				en,
			);
			mainGroup = 34402D5D1C6FF38D0019F94C;
			productRefGroup = 34402D671C6FF38D0019F94C /* Products */;
			projectDirPath = "";
			projectReferences = (
				{
					ProductGroup = 34958EC31C7489F400BD1AA1 /* Products */;
					ProjectRef = 34958EC21C7489F400BD1AA1 /* Printr.xcodeproj */;
				},
			);
			projectRoot = "";
			targets = (
				34402D651C6FF38D0019F94C /* vapor */,
			);
		};
/* End PBXProject section */

/* Begin PBXSourcesBuildPhase section */
		34402D621C6FF38D0019F94C /* Sources */ = {
			isa = PBXSourcesBuildPhase;
			buildActionMask = 2147483647;
			files = (
				34958EC81C7489F400BD1AA1 /* Package.swift in Sources */,
				34402D821C6FF55B0019F94C /* README.md in Sources */,
				34402D791C6FF3980019F94C /* Shell.swift in Sources */,
				34958EC91C7489F400BD1AA1 /* README.md in Sources */,
				34402D7D1C6FF4130019F94C /* main.swift in Sources */,
				34402D761C6FF3980019F94C /* Command.swift in Sources */,
				34958ECA1C7489F400BD1AA1 /* Printr.swift in Sources */,
				34402D781C6FF3980019F94C /* Git.swift in Sources */,
			);
			runOnlyForDeploymentPostprocessing = 0;
		};
/* End PBXSourcesBuildPhase section */

/* Begin XCBuildConfiguration section */
		34402D6B1C6FF38D0019F94C /* Debug */ = {
			isa = XCBuildConfiguration;
			buildSettings = {
				ALWAYS_SEARCH_USER_PATHS = NO;
				CLANG_CXX_LANGUAGE_STANDARD = "gnu++0x";
				CLANG_CXX_LIBRARY = "libc++";
				CLANG_ENABLE_MODULES = YES;
				CLANG_ENABLE_OBJC_ARC = YES;
				CLANG_WARN_BOOL_CONVERSION = YES;
				CLANG_WARN_CONSTANT_CONVERSION = YES;
				CLANG_WARN_DIRECT_OBJC_ISA_USAGE = YES_ERROR;
				CLANG_WARN_EMPTY_BODY = YES;
				CLANG_WARN_ENUM_CONVERSION = YES;
				CLANG_WARN_INT_CONVERSION = YES;
				CLANG_WARN_OBJC_ROOT_CLASS = YES_ERROR;
				CLANG_WARN_UNREACHABLE_CODE = YES;
				CLANG_WARN__DUPLICATE_METHOD_MATCH = YES;
				CODE_SIGN_IDENTITY = "-";
				COPY_PHASE_STRIP = NO;
				DEBUG_INFORMATION_FORMAT = dwarf;
				ENABLE_STRICT_OBJC_MSGSEND = YES;
				ENABLE_TESTABILITY = YES;
				GCC_C_LANGUAGE_STANDARD = gnu99;
				GCC_DYNAMIC_NO_PIC = NO;
				GCC_NO_COMMON_BLOCKS = YES;
				GCC_OPTIMIZATION_LEVEL = 0;
				GCC_PREPROCESSOR_DEFINITIONS = (
					"DEBUG=1",
					"$(inherited)",
				);
				GCC_WARN_64_TO_32_BIT_CONVERSION = YES;
				GCC_WARN_ABOUT_RETURN_TYPE = YES_ERROR;
				GCC_WARN_UNDECLARED_SELECTOR = YES;
				GCC_WARN_UNINITIALIZED_AUTOS = YES_AGGRESSIVE;
				GCC_WARN_UNUSED_FUNCTION = YES;
				GCC_WARN_UNUSED_VARIABLE = YES;
				MACOSX_DEPLOYMENT_TARGET = 10.11;
				MTL_ENABLE_DEBUG_INFO = YES;
				ONLY_ACTIVE_ARCH = YES;
				SDKROOT = macosx;
				SWIFT_OPTIMIZATION_LEVEL = "-Onone";
			};
			name = Debug;
		};
		34402D6C1C6FF38D0019F94C /* Release */ = {
			isa = XCBuildConfiguration;
			buildSettings = {
				ALWAYS_SEARCH_USER_PATHS = NO;
				CLANG_CXX_LANGUAGE_STANDARD = "gnu++0x";
				CLANG_CXX_LIBRARY = "libc++";
				CLANG_ENABLE_MODULES = YES;
				CLANG_ENABLE_OBJC_ARC = YES;
				CLANG_WARN_BOOL_CONVERSION = YES;
				CLANG_WARN_CONSTANT_CONVERSION = YES;
				CLANG_WARN_DIRECT_OBJC_ISA_USAGE = YES_ERROR;
				CLANG_WARN_EMPTY_BODY = YES;
				CLANG_WARN_ENUM_CONVERSION = YES;
				CLANG_WARN_INT_CONVERSION = YES;
				CLANG_WARN_OBJC_ROOT_CLASS = YES_ERROR;
				CLANG_WARN_UNREACHABLE_CODE = YES;
				CLANG_WARN__DUPLICATE_METHOD_MATCH = YES;
				CODE_SIGN_IDENTITY = "-";
				COPY_PHASE_STRIP = NO;
				DEBUG_INFORMATION_FORMAT = "dwarf-with-dsym";
				ENABLE_NS_ASSERTIONS = NO;
				ENABLE_STRICT_OBJC_MSGSEND = YES;
				GCC_C_LANGUAGE_STANDARD = gnu99;
				GCC_NO_COMMON_BLOCKS = YES;
				GCC_WARN_64_TO_32_BIT_CONVERSION = YES;
				GCC_WARN_ABOUT_RETURN_TYPE = YES_ERROR;
				GCC_WARN_UNDECLARED_SELECTOR = YES;
				GCC_WARN_UNINITIALIZED_AUTOS = YES_AGGRESSIVE;
				GCC_WARN_UNUSED_FUNCTION = YES;
				GCC_WARN_UNUSED_VARIABLE = YES;
				MACOSX_DEPLOYMENT_TARGET = 10.11;
				MTL_ENABLE_DEBUG_INFO = NO;
				SDKROOT = macosx;
			};
			name = Release;
		};
		34402D6E1C6FF38D0019F94C /* Debug */ = {
			isa = XCBuildConfiguration;
			buildSettings = {
				PRODUCT_NAME = "$(TARGET_NAME)";
			};
			name = Debug;
		};
		34402D6F1C6FF38D0019F94C /* Release */ = {
			isa = XCBuildConfiguration;
			buildSettings = {
				PRODUCT_NAME = "$(TARGET_NAME)";
			};
			name = Release;
		};
/* End XCBuildConfiguration section */

/* Begin XCConfigurationList section */
		34402D611C6FF38D0019F94C /* Build configuration list for PBXProject "vapor" */ = {
			isa = XCConfigurationList;
			buildConfigurations = (
				34402D6B1C6FF38D0019F94C /* Debug */,
				34402D6C1C6FF38D0019F94C /* Release */,
			);
			defaultConfigurationIsVisible = 0;
			defaultConfigurationName = Release;
		};
		34402D6D1C6FF38D0019F94C /* Build configuration list for PBXNativeTarget "vapor" */ = {
			isa = XCConfigurationList;
			buildConfigurations = (
				34402D6E1C6FF38D0019F94C /* Debug */,
				34402D6F1C6FF38D0019F94C /* Release */,
			);
			defaultConfigurationIsVisible = 0;
			defaultConfigurationName = Release;
		};
/* End XCConfigurationList section */
	};
	rootObject = 34402D5E1C6FF38D0019F94C /* Project object */;
}
